
Microsoft Visual Studio Solution File, Format Version 12.00
# Visual Studio Version 17
VisualStudioVersion = 17.0.31912.275
MinimumVisualStudioVersion = 10.0.40219.1
Project("{9A19103F-16F7-4668-BE54-9A1E7A4F7556}") = "Projects.Projects", "Projects.Projects\Projects.Projects.csproj", "{5438642C-7E21-48DC-A902-FFF5707F949B}"
EndProject
Project("{9A19103F-16F7-4668-BE54-9A1E7A4F7556}") = "Projects.Gateway", "Projects.Gateway\Projects.Gateway.csproj", "{8BED8F75-992C-4315-B690-DDEA89616299}"
EndProject
Project("{FAE04EC0-301F-11D3-BF4B-00C04F79EFBC}") = "Projects.Workings", "Projects.Workings\Projects.Workings.csproj", "{17E65A9B-8E14-4C5A-8D15-5AC2D5277A12}"
EndProject
Project("{FAE04EC0-301F-11D3-BF4B-00C04F79EFBC}") = "Projects.Web", "Projects.Web\Projects.Web.csproj", "{7B0A67B1-BAD4-40D4-9F09-047044AF74D4}"
EndProject
Project("{2150E333-8FDC-42A3-9474-1A3956D46DE8}") = "Projects.Services", "Projects.Services", "{F1A25137-B550-45BA-89D5-DEC5B9F333BA}"
EndProject
Global
	GlobalSection(SolutionConfigurationPlatforms) = preSolution
		Debug|Any CPU = Debug|Any CPU
		Release|Any CPU = Release|Any CPU
	EndGlobalSection
	GlobalSection(ProjectConfigurationPlatforms) = postSolution
		{5438642C-7E21-48DC-A902-FFF5707F949B}.Debug|Any CPU.ActiveCfg = Debug|Any CPU
		{5438642C-7E21-48DC-A902-FFF5707F949B}.Debug|Any CPU.Build.0 = Debug|Any CPU
		{5438642C-7E21-48DC-A902-FFF5707F949B}.Release|Any CPU.ActiveCfg = Release|Any CPU
		{5438642C-7E21-48DC-A902-FFF5707F949B}.Release|Any CPU.Build.0 = Release|Any CPU
		{8BED8F75-992C-4315-B690-DDEA89616299}.Debug|Any CPU.ActiveCfg = Debug|Any CPU
		{8BED8F75-992C-4315-B690-DDEA89616299}.Debug|Any CPU.Build.0 = Debug|Any CPU
		{8BED8F75-992C-4315-B690-DDEA89616299}.Release|Any CPU.ActiveCfg = Release|Any CPU
		{8BED8F75-992C-4315-B690-DDEA89616299}.Release|Any CPU.Build.0 = Release|Any CPU
		{17E65A9B-8E14-4C5A-8D15-5AC2D5277A12}.Debug|Any CPU.ActiveCfg = Debug|Any CPU
		{17E65A9B-8E14-4C5A-8D15-5AC2D5277A12}.Debug|Any CPU.Build.0 = Debug|Any CPU
		{17E65A9B-8E14-4C5A-8D15-5AC2D5277A12}.Release|Any CPU.ActiveCfg = Release|Any CPU
		{17E65A9B-8E14-4C5A-8D15-5AC2D5277A12}.Release|Any CPU.Build.0 = Release|Any CPU
		{7B0A67B1-BAD4-40D4-9F09-047044AF74D4}.Debug|Any CPU.ActiveCfg = Debug|Any CPU
		{7B0A67B1-BAD4-40D4-9F09-047044AF74D4}.Debug|Any CPU.Build.0 = Debug|Any CPU
		{7B0A67B1-BAD4-40D4-9F09-047044AF74D4}.Release|Any CPU.ActiveCfg = Release|Any CPU
		{7B0A67B1-BAD4-40D4-9F09-047044AF74D4}.Release|Any CPU.Build.0 = Release|Any CPU
	EndGlobalSection
	GlobalSection(SolutionProperties) = preSolution
		HideSolutionNode = FALSE
	EndGlobalSection
	GlobalSection(ExtensibilityGlobals) = postSolution
		SolutionGuid = {C7D5B10A-D16F-4E7C-98A9-00A3DCD686FD}
	EndGlobalSection
EndGlobal
